
Microsoft Visual Studio Solution File, Format Version 12.00
# Visual Studio Version 17
VisualStudioVersion = 17.3.32811.315
MinimumVisualStudioVersion = 10.0.40219.1
Project("{9A19103F-16F7-4668-BE54-9A1E7A4F7556}") = "NationalGridDataExtract", "NationalGridDataExtract\NationalGridDataExtract.csproj", "{BA02D9B3-C87D-4C81-9BDF-AF028600C272}"
EndProject
Project("{9A19103F-16F7-4668-BE54-9A1E7A4F7556}") = "ConradEnergyAPI", "ConradEnergyAPI\ConradEnergyAPI.csproj", "{8D23FDF5-A62A-45C4-98A6-22286D57A6E7}"
EndProject
Project("{9A19103F-16F7-4668-BE54-9A1E7A4F7556}") = "ConradEnergyBlazor", "ConradEnergyBlazor\ConradEnergyBlazor.csproj", "{7CA43712-2C75-4F10-8632-B3C69F72F134}"
EndProject
Project("{9A19103F-16F7-4668-BE54-9A1E7A4F7556}") = "ConradEnergy.Core", "ConradEnergy.Core\ConradEnergy.Core.csproj", "{EEF19371-76DF-48C9-9F62-963F607EB471}"
EndProject
Project("{9A19103F-16F7-4668-BE54-9A1E7A4F7556}") = "ConradEnergy.EFCore", "ConradEnergy.EFCore\ConradEnergy.EFCore.csproj", "{FBA2311E-5500-4599-8467-F64E64C2C0EE}"
EndProject
Global
	GlobalSection(SolutionConfigurationPlatforms) = preSolution
		Debug|Any CPU = Debug|Any CPU
		Release|Any CPU = Release|Any CPU
	EndGlobalSection
	GlobalSection(ProjectConfigurationPlatforms) = postSolution
		{BA02D9B3-C87D-4C81-9BDF-AF028600C272}.Debug|Any CPU.ActiveCfg = Debug|Any CPU
		{BA02D9B3-C87D-4C81-9BDF-AF028600C272}.Debug|Any CPU.Build.0 = Debug|Any CPU
		{BA02D9B3-C87D-4C81-9BDF-AF028600C272}.Release|Any CPU.ActiveCfg = Release|Any CPU
		{BA02D9B3-C87D-4C81-9BDF-AF028600C272}.Release|Any CPU.Build.0 = Release|Any CPU
		{8D23FDF5-A62A-45C4-98A6-22286D57A6E7}.Debug|Any CPU.ActiveCfg = Debug|Any CPU
		{8D23FDF5-A62A-45C4-98A6-22286D57A6E7}.Debug|Any CPU.Build.0 = Debug|Any CPU
		{8D23FDF5-A62A-45C4-98A6-22286D57A6E7}.Release|Any CPU.ActiveCfg = Release|Any CPU
		{8D23FDF5-A62A-45C4-98A6-22286D57A6E7}.Release|Any CPU.Build.0 = Release|Any CPU
		{7CA43712-2C75-4F10-8632-B3C69F72F134}.Debug|Any CPU.ActiveCfg = Debug|Any CPU
		{7CA43712-2C75-4F10-8632-B3C69F72F134}.Debug|Any CPU.Build.0 = Debug|Any CPU
		{7CA43712-2C75-4F10-8632-B3C69F72F134}.Release|Any CPU.ActiveCfg = Release|Any CPU
		{7CA43712-2C75-4F10-8632-B3C69F72F134}.Release|Any CPU.Build.0 = Release|Any CPU
		{EEF19371-76DF-48C9-9F62-963F607EB471}.Debug|Any CPU.ActiveCfg = Debug|Any CPU
		{EEF19371-76DF-48C9-9F62-963F607EB471}.Debug|Any CPU.Build.0 = Debug|Any CPU
		{EEF19371-76DF-48C9-9F62-963F607EB471}.Release|Any CPU.ActiveCfg = Release|Any CPU
		{EEF19371-76DF-48C9-9F62-963F607EB471}.Release|Any CPU.Build.0 = Release|Any CPU
		{FBA2311E-5500-4599-8467-F64E64C2C0EE}.Debug|Any CPU.ActiveCfg = Debug|Any CPU
		{FBA2311E-5500-4599-8467-F64E64C2C0EE}.Debug|Any CPU.Build.0 = Debug|Any CPU
		{FBA2311E-5500-4599-8467-F64E64C2C0EE}.Release|Any CPU.ActiveCfg = Release|Any CPU
		{FBA2311E-5500-4599-8467-F64E64C2C0EE}.Release|Any CPU.Build.0 = Release|Any CPU
	EndGlobalSection
	GlobalSection(SolutionProperties) = preSolution
		HideSolutionNode = FALSE
	EndGlobalSection
	GlobalSection(ExtensibilityGlobals) = postSolution
		SolutionGuid = {470CE5D2-BBE8-459E-B88D-EC39EC3C2D16}
	EndGlobalSection
EndGlobal
